
Microsoft Visual Studio Solution File, Format Version 12.00
# Visual Studio Version 16
VisualStudioVersion = 16.0.31424.327
MinimumVisualStudioVersion = 10.0.40219.1
Project("{2150E333-8FDC-42A3-9474-1A3956D46DE8}") = "src", "src", "{FA5AFEB2-74E7-4AD8-93A0-46D92D5EB16A}"
EndProject
Project("{9A19103F-16F7-4668-BE54-9A1E7A4F7556}") = "amazon-customer-reviews-api", "src\api\amazon-customer-reviews-api.csproj", "{80EE3734-318E-4080-90F2-2C25CEA6C02B}"
EndProject
Project("{9A19103F-16F7-4668-BE54-9A1E7A4F7556}") = "amazon-customer-reviews-application", "src\application\amazon-customer-reviews-application.csproj", "{3EF066D9-22B8-440D-B679-57F83F053C05}"
EndProject
Project("{9A19103F-16F7-4668-BE54-9A1E7A4F7556}") = "amazon-customer-reviews-client", "src\client\amazon-customer-reviews-client.csproj", "{BB2E17F9-6320-4BE8-993A-DE928970FE1F}"
EndProject
Project("{9A19103F-16F7-4668-BE54-9A1E7A4F7556}") = "amazon-customer-reviews-infrastructure", "src\infrastructure\amazon-customer-reviews-infrastructure.csproj", "{DD4F95BD-F65F-4DD4-AF5B-1D885A6E591B}"
EndProject
Project("{9A19103F-16F7-4668-BE54-9A1E7A4F7556}") = "amazon-customer-reviews-data", "src\data\amazon-customer-reviews-data.csproj", "{98BF3241-E007-4D15-AE3D-6CC8A29A5BC8}"
EndProject
Project("{9A19103F-16F7-4668-BE54-9A1E7A4F7556}") = "amazon-customer-reviews-cron", "src\cron\amazon-customer-reviews-cron.csproj", "{8012BA97-F4CB-45AF-BA4D-EC637EC9FC59}"
EndProject
Project("{2150E333-8FDC-42A3-9474-1A3956D46DE8}") = "test", "test", "{7D0257EC-7149-4E58-9024-4BE3B8A9BC60}"
EndProject
Project("{2150E333-8FDC-42A3-9474-1A3956D46DE8}") = "build", "build", "{4B13FDE6-014E-4672-98E0-5D26E2BCC8B2}"
	ProjectSection(SolutionItems) = preProject
		.gitignore = .gitignore
	EndProjectSection
EndProject
Project("{9A19103F-16F7-4668-BE54-9A1E7A4F7556}") = "amazon_customer_reviews_test", "test\application\amazon_customer_reviews_test.csproj", "{D0EF180E-54E1-4820-A9FC-C8E6A6207B2C}"
EndProject
Global
	GlobalSection(SolutionConfigurationPlatforms) = preSolution
		Debug|Any CPU = Debug|Any CPU
		Release|Any CPU = Release|Any CPU
	EndGlobalSection
	GlobalSection(ProjectConfigurationPlatforms) = postSolution
		{80EE3734-318E-4080-90F2-2C25CEA6C02B}.Debug|Any CPU.ActiveCfg = Debug|Any CPU
		{80EE3734-318E-4080-90F2-2C25CEA6C02B}.Debug|Any CPU.Build.0 = Debug|Any CPU
		{80EE3734-318E-4080-90F2-2C25CEA6C02B}.Release|Any CPU.ActiveCfg = Release|Any CPU
		{80EE3734-318E-4080-90F2-2C25CEA6C02B}.Release|Any CPU.Build.0 = Release|Any CPU
		{3EF066D9-22B8-440D-B679-57F83F053C05}.Debug|Any CPU.ActiveCfg = Debug|Any CPU
		{3EF066D9-22B8-440D-B679-57F83F053C05}.Debug|Any CPU.Build.0 = Debug|Any CPU
		{3EF066D9-22B8-440D-B679-57F83F053C05}.Release|Any CPU.ActiveCfg = Release|Any CPU
		{3EF066D9-22B8-440D-B679-57F83F053C05}.Release|Any CPU.Build.0 = Release|Any CPU
		{BB2E17F9-6320-4BE8-993A-DE928970FE1F}.Debug|Any CPU.ActiveCfg = Debug|Any CPU
		{BB2E17F9-6320-4BE8-993A-DE928970FE1F}.Debug|Any CPU.Build.0 = Debug|Any CPU
		{BB2E17F9-6320-4BE8-993A-DE928970FE1F}.Release|Any CPU.ActiveCfg = Release|Any CPU
		{BB2E17F9-6320-4BE8-993A-DE928970FE1F}.Release|Any CPU.Build.0 = Release|Any CPU
		{DD4F95BD-F65F-4DD4-AF5B-1D885A6E591B}.Debug|Any CPU.ActiveCfg = Debug|Any CPU
		{DD4F95BD-F65F-4DD4-AF5B-1D885A6E591B}.Debug|Any CPU.Build.0 = Debug|Any CPU
		{DD4F95BD-F65F-4DD4-AF5B-1D885A6E591B}.Release|Any CPU.ActiveCfg = Release|Any CPU
		{DD4F95BD-F65F-4DD4-AF5B-1D885A6E591B}.Release|Any CPU.Build.0 = Release|Any CPU
		{98BF3241-E007-4D15-AE3D-6CC8A29A5BC8}.Debug|Any CPU.ActiveCfg = Debug|Any CPU
		{98BF3241-E007-4D15-AE3D-6CC8A29A5BC8}.Debug|Any CPU.Build.0 = Debug|Any CPU
		{98BF3241-E007-4D15-AE3D-6CC8A29A5BC8}.Release|Any CPU.ActiveCfg = Release|Any CPU
		{98BF3241-E007-4D15-AE3D-6CC8A29A5BC8}.Release|Any CPU.Build.0 = Release|Any CPU
		{8012BA97-F4CB-45AF-BA4D-EC637EC9FC59}.Debug|Any CPU.ActiveCfg = Debug|Any CPU
		{8012BA97-F4CB-45AF-BA4D-EC637EC9FC59}.Debug|Any CPU.Build.0 = Debug|Any CPU
		{8012BA97-F4CB-45AF-BA4D-EC637EC9FC59}.Release|Any CPU.ActiveCfg = Release|Any CPU
		{8012BA97-F4CB-45AF-BA4D-EC637EC9FC59}.Release|Any CPU.Build.0 = Release|Any CPU
		{D0EF180E-54E1-4820-A9FC-C8E6A6207B2C}.Debug|Any CPU.ActiveCfg = Debug|Any CPU
		{D0EF180E-54E1-4820-A9FC-C8E6A6207B2C}.Debug|Any CPU.Build.0 = Debug|Any CPU
		{D0EF180E-54E1-4820-A9FC-C8E6A6207B2C}.Release|Any CPU.ActiveCfg = Release|Any CPU
		{D0EF180E-54E1-4820-A9FC-C8E6A6207B2C}.Release|Any CPU.Build.0 = Release|Any CPU
	EndGlobalSection
	GlobalSection(SolutionProperties) = preSolution
		HideSolutionNode = FALSE
	EndGlobalSection
	GlobalSection(NestedProjects) = preSolution
		{80EE3734-318E-4080-90F2-2C25CEA6C02B} = {FA5AFEB2-74E7-4AD8-93A0-46D92D5EB16A}
		{3EF066D9-22B8-440D-B679-57F83F053C05} = {FA5AFEB2-74E7-4AD8-93A0-46D92D5EB16A}
		{BB2E17F9-6320-4BE8-993A-DE928970FE1F} = {FA5AFEB2-74E7-4AD8-93A0-46D92D5EB16A}
		{DD4F95BD-F65F-4DD4-AF5B-1D885A6E591B} = {FA5AFEB2-74E7-4AD8-93A0-46D92D5EB16A}
		{98BF3241-E007-4D15-AE3D-6CC8A29A5BC8} = {FA5AFEB2-74E7-4AD8-93A0-46D92D5EB16A}
		{8012BA97-F4CB-45AF-BA4D-EC637EC9FC59} = {FA5AFEB2-74E7-4AD8-93A0-46D92D5EB16A}
		{D0EF180E-54E1-4820-A9FC-C8E6A6207B2C} = {7D0257EC-7149-4E58-9024-4BE3B8A9BC60}
	EndGlobalSection
	GlobalSection(ExtensibilityGlobals) = postSolution
		SolutionGuid = {2CBF4C3F-EE72-4253-A2C4-1248328E9F50}
	EndGlobalSection
EndGlobal
